Microsoft Visual Studio Solution File, Format Version 12.00
# Visual Studio Version 17
VisualStudioVersion = 17.5.2.0
MinimumVisualStudioVersion = 10.0.40219.1
Project("{FAE04EC0-301F-11D3-BF4B-00C04F79EFBC}") = "Lox.Interpreter", "Lox.Interpreter\Lox.Interpreter.csproj", "{228B447C-C174-A488-D37B-B64763539A20}"
EndProject
Project("{FAE04EC0-301F-11D3-BF4B-00C04F79EFBC}") = "Lox.Interpreter.Tests", "Lox.Interpreter.Tests\Lox.Interpreter.Tests.csproj", "{78ABEB20-69A9-B5F0-DE5E-9E83D203239C}"
EndProject
Global
	GlobalSection(SolutionConfigurationPlatforms) = preSolution
		Debug|Any CPU = Debug|Any CPU
		Release|Any CPU = Release|Any CPU
	EndGlobalSection
	GlobalSection(ProjectConfigurationPlatforms) = postSolution
		{228B447C-C174-A488-D37B-B64763539A20}.Debug|Any CPU.ActiveCfg = Debug|Any CPU
		{228B447C-C174-A488-D37B-B64763539A20}.Debug|Any CPU.Build.0 = Debug|Any CPU
		{228B447C-C174-A488-D37B-B64763539A20}.Release|Any CPU.ActiveCfg = Release|Any CPU
		{228B447C-C174-A488-D37B-B64763539A20}.Release|Any CPU.Build.0 = Release|Any CPU
		{78ABEB20-69A9-B5F0-DE5E-9E83D203239C}.Debug|Any CPU.ActiveCfg = Debug|Any CPU
		{78ABEB20-69A9-B5F0-DE5E-9E83D203239C}.Debug|Any CPU.Build.0 = Debug|Any CPU
		{78ABEB20-69A9-B5F0-DE5E-9E83D203239C}.Release|Any CPU.ActiveCfg = Release|Any CPU
		{78ABEB20-69A9-B5F0-DE5E-9E83D203239C}.Release|Any CPU.Build.0 = Release|Any CPU
	EndGlobalSection
	GlobalSection(SolutionProperties) = preSolution
		HideSolutionNode = FALSE
	EndGlobalSection
	GlobalSection(ExtensibilityGlobals) = postSolution
		SolutionGuid = {ED7F85C5-37E1-4157-B2A7-5230C4B03E1E}
	EndGlobalSection
EndGlobal
